// !$*UTF8*$!
{
	archiveVersion = 1;
	classes = {
	};
	objectVersion = 55;
	objects = {

/* Begin PBXBuildFile section */
		0E92BFBF102349C200D2B589 /* Credits.html in Resources */ = {isa = PBXBuildFile; fileRef = 0E92BFBB102349C200D2B589 /* Credits.html */; };
		0E92BFC510234A1C00D2B589 /* Localizable.strings in Resources */ = {isa = PBXBuildFile; fileRef = 0E92BFC310234A1C00D2B589 /* Localizable.strings */; };
		1DDD58160DA1D0A300B32029 /* MainMenu.xib in Resources */ = {isa = PBXBuildFile; fileRef = 1DDD58140DA1D0A300B32029 /* MainMenu.xib */; };
		95FFCB7F15D576830019E369 /* app_icon.iconset in Resources */ = {isa = PBXBuildFile; fileRef = 95FFCB7E15D576830019E369 /* app_icon.iconset */; };
		9E488E0F272EE3CF00BC6D21 /* Utilities.swift in Sources */ = {isa = PBXBuildFile; fileRef = 9E488E0E272EE3CF00BC6D21 /* Utilities.swift */; };
		9E488E11272EFB5700BC6D21 /* AppController.swift in Sources */ = {isa = PBXBuildFile; fileRef = 9E488E10272EFB5700BC6D21 /* AppController.swift */; };
		9E54FEB3272D9AC400DE2A7C /* PasswordHero.swift in Sources */ = {isa = PBXBuildFile; fileRef = 9E54FEB2272D9AC400DE2A7C /* PasswordHero.swift */; };
/* End PBXBuildFile section */

/* Begin PBXFileReference section */
		0E92BFBC102349C200D2B589 /* English */ = {isa = PBXFileReference; fileEncoding = 4; lastKnownFileType = text.html; name = English; path = English.lproj/Credits.html; sourceTree = "<group>"; };
		0E92BFC410234A1C00D2B589 /* English */ = {isa = PBXFileReference; fileEncoding = 10; lastKnownFileType = text.plist.strings; name = English; path = English.lproj/Localizable.strings; sourceTree = "<group>"; };
		8D1107310486CEB800E47090 /* Info.plist */ = {isa = PBXFileReference; fileEncoding = 4; lastKnownFileType = text.plist.xml; path = Info.plist; sourceTree = "<group>"; };
		959D9B24158E240F00BDCD89 /* Doorman.entitlements */ = {isa = PBXFileReference; lastKnownFileType = text.xml; path = Doorman.entitlements; sourceTree = "<group>"; };
		95D8742711D2509200F2B6A0 /* PasswordHero.h */ = {isa = PBXFileReference; fileEncoding = 4; lastKnownFileType = sourcecode.c.h; path = PasswordHero.h; sourceTree = "<group>"; };
		95D8742811D2509200F2B6A0 /* PasswordHero.m */ = {isa = PBXFileReference; fileEncoding = 4; lastKnownFileType = sourcecode.c.objc; path = PasswordHero.m; sourceTree = "<group>"; };
		95FFCB7E15D576830019E369 /* app_icon.iconset */ = {isa = PBXFileReference; lastKnownFileType = folder.iconset; path = app_icon.iconset; sourceTree = "<group>"; };
		9E488E0E272EE3CF00BC6D21 /* Utilities.swift */ = {isa = PBXFileReference; lastKnownFileType = sourcecode.swift; path = Utilities.swift; sourceTree = "<group>"; };
		9E488E10272EFB5700BC6D21 /* AppController.swift */ = {isa = PBXFileReference; lastKnownFileType = sourcecode.swift; path = AppController.swift; sourceTree = "<group>"; };
		9E488E12272F103600BC6D21 /* Base */ = {isa = PBXFileReference; lastKnownFileType = file.xib; name = Base; path = Base.lproj/MainMenu.xib; sourceTree = "<group>"; };
		9E54FEB2272D9AC400DE2A7C /* PasswordHero.swift */ = {isa = PBXFileReference; lastKnownFileType = sourcecode.swift; path = PasswordHero.swift; sourceTree = "<group>"; };
		9E9E5F26272F1A07000A6EF1 /* Doorman.app */ = {isa = PBXFileReference; explicitFileType = wrapper.application; includeInIndex = 0; path = Doorman.app; sourceTree = BUILT_PRODUCTS_DIR; };
		A792C8E00FF23C480062F525 /* AppController.h */ = {isa = PBXFileReference; fileEncoding = 4; lastKnownFileType = sourcecode.c.h; path = AppController.h; sourceTree = "<group>"; };
		A792C8E10FF23C480062F525 /* AppController.m */ = {isa = PBXFileReference; fileEncoding = 4; lastKnownFileType = sourcecode.c.objc; path = AppController.m; sourceTree = "<group>"; };
		A792C8EA0FF241BF0062F525 /* DMRandom.h */ = {isa = PBXFileReference; fileEncoding = 4; lastKnownFileType = sourcecode.c.h; path = DMRandom.h; sourceTree = "<group>"; };
		A792C8EB0FF241BF0062F525 /* DMRandom.m */ = {isa = PBXFileReference; fileEncoding = 4; lastKnownFileType = sourcecode.c.objc; path = DMRandom.m; sourceTree = "<group>"; };
/* End PBXFileReference section */

/* Begin PBXFrameworksBuildPhase section */
		8D11072E0486CEB800E47090 /* Frameworks */ = {
			isa = PBXFrameworksBuildPhase;
			buildActionMask = 2147483647;
			files = (
			);
			runOnlyForDeploymentPostprocessing = 0;
		};
/* End PBXFrameworksBuildPhase section */

/* Begin PBXGroup section */
		080E96DDFE201D6D7F000001 /* Classes */ = {
			isa = PBXGroup;
			children = (
				9E488E13272F136C00BC6D21 /* UnusedObjC */,
				9E488E10272EFB5700BC6D21 /* AppController.swift */,
				9E54FEB2272D9AC400DE2A7C /* PasswordHero.swift */,
				9E488E0E272EE3CF00BC6D21 /* Utilities.swift */,
			);
			name = Classes;
			sourceTree = "<group>";
		};
		29B97314FDCFA39411CA2CEA /* doorman */ = {
			isa = PBXGroup;
			children = (
				959D9B24158E240F00BDCD89 /* Doorman.entitlements */,
				080E96DDFE201D6D7F000001 /* Classes */,
				29B97317FDCFA39411CA2CEA /* Resources */,
				9E9E5F27272F1A07000A6EF1 /* Products */,
			);
			name = doorman;
			sourceTree = "<group>";
		};
		29B97317FDCFA39411CA2CEA /* Resources */ = {
			isa = PBXGroup;
			children = (
				95FFCB7E15D576830019E369 /* app_icon.iconset */,
				8D1107310486CEB800E47090 /* Info.plist */,
				0E92BFC310234A1C00D2B589 /* Localizable.strings */,
				0E92BFBB102349C200D2B589 /* Credits.html */,
				1DDD58140DA1D0A300B32029 /* MainMenu.xib */,
			);
			name = Resources;
			sourceTree = "<group>";
		};
		9E488E13272F136C00BC6D21 /* UnusedObjC */ = {
			isa = PBXGroup;
			children = (
				A792C8E00FF23C480062F525 /* AppController.h */,
				A792C8E10FF23C480062F525 /* AppController.m */,
				95D8742711D2509200F2B6A0 /* PasswordHero.h */,
				95D8742811D2509200F2B6A0 /* PasswordHero.m */,
				A792C8EA0FF241BF0062F525 /* DMRandom.h */,
				A792C8EB0FF241BF0062F525 /* DMRandom.m */,
			);
			name = UnusedObjC;
			sourceTree = "<group>";
		};
		9E9E5F27272F1A07000A6EF1 /* Products */ = {
			isa = PBXGroup;
			children = (
				9E9E5F26272F1A07000A6EF1 /* Doorman.app */,
			);
			name = Products;
			sourceTree = "<group>";
		};
/* End PBXGroup section */

/* Begin PBXNativeTarget section */
		8D1107260486CEB800E47090 /* Doorman */ = {
			isa = PBXNativeTarget;
			buildConfigurationList = C01FCF4A08A954540054247B /* Build configuration list for PBXNativeTarget "Doorman" */;
			buildPhases = (
				8D1107290486CEB800E47090 /* Resources */,
				8D11072C0486CEB800E47090 /* Sources */,
				8D11072E0486CEB800E47090 /* Frameworks */,
			);
			buildRules = (
			);
			dependencies = (
			);
			name = Doorman;
			productInstallPath = "$(HOME)/Applications";
			productName = doorman;
			productReference = 9E9E5F26272F1A07000A6EF1 /* Doorman.app */;
			productType = "com.apple.product-type.application";
		};
/* End PBXNativeTarget section */

/* Begin PBXProject section */
		29B97313FDCFA39411CA2CEA /* Project object */ = {
			isa = PBXProject;
			attributes = {
				LastUpgradeCheck = 0440;
				TargetAttributes = {
					8D1107260486CEB800E47090 = {
						LastSwiftMigration = 1300;
					};
				};
			};
			buildConfigurationList = C01FCF4E08A954540054247B /* Build configuration list for PBXProject "doorman" */;
			compatibilityVersion = "Xcode 13.0";
			developmentRegion = English;
			hasScannedForEncodings = 1;
			knownRegions = (
				English,
				Base,
			);
			mainGroup = 29B97314FDCFA39411CA2CEA /* doorman */;
			productRefGroup = 9E9E5F27272F1A07000A6EF1 /* Products */;
			projectDirPath = "";
			projectRoot = "";
			targets = (
				8D1107260486CEB800E47090 /* Doorman */,
			);
		};
/* End PBXProject section */

/* Begin PBXResourcesBuildPhase section */
		8D1107290486CEB800E47090 /* Resources */ = {
			isa = PBXResourcesBuildPhase;
			buildActionMask = 2147483647;
			files = (
				1DDD58160DA1D0A300B32029 /* MainMenu.xib in Resources */,
				0E92BFBF102349C200D2B589 /* Credits.html in Resources */,
				0E92BFC510234A1C00D2B589 /* Localizable.strings in Resources */,
				95FFCB7F15D576830019E369 /* app_icon.iconset in Resources */,
			);
			runOnlyForDeploymentPostprocessing = 0;
		};
/* End PBXResourcesBuildPhase section */

/* Begin PBXSourcesBuildPhase section */
		8D11072C0486CEB800E47090 /* Sources */ = {
			isa = PBXSourcesBuildPhase;
			buildActionMask = 2147483647;
			files = (
				9E488E0F272EE3CF00BC6D21 /* Utilities.swift in Sources */,
				9E54FEB3272D9AC400DE2A7C /* PasswordHero.swift in Sources */,
				9E488E11272EFB5700BC6D21 /* AppController.swift in Sources */,
			);
			runOnlyForDeploymentPostprocessing = 0;
		};
/* End PBXSourcesBuildPhase section */

/* Begin PBXVariantGroup section */
		0E92BFBB102349C200D2B589 /* Credits.html */ = {
			isa = PBXVariantGroup;
			children = (
				0E92BFBC102349C200D2B589 /* English */,
			);
			name = Credits.html;
			sourceTree = "<group>";
		};
		0E92BFC310234A1C00D2B589 /* Localizable.strings */ = {
			isa = PBXVariantGroup;
			children = (
				0E92BFC410234A1C00D2B589 /* English */,
			);
			name = Localizable.strings;
			sourceTree = "<group>";
		};
		1DDD58140DA1D0A300B32029 /* MainMenu.xib */ = {
			isa = PBXVariantGroup;
			children = (
				9E488E12272F103600BC6D21 /* Base */,
			);
			name = MainMenu.xib;
			sourceTree = "<group>";
		};
/* End PBXVariantGroup section */

/* Begin XCBuildConfiguration section */
		C01FCF4B08A954540054247B /* Debug */ = {
			isa = XCBuildConfiguration;
			buildSettings = {
				ALWAYS_SEARCH_USER_PATHS = NO;
				ARCHS = "$(ARCHS_STANDARD_64_BIT)";
				CLANG_ENABLE_MODULES = YES;
				CLANG_ENABLE_OBJC_ARC = YES;
				CODE_SIGN_ENTITLEMENTS = Doorman.entitlements;
				CODE_SIGN_IDENTITY = "-";
				COMBINE_HIDPI_IMAGES = YES;
				COPY_PHASE_STRIP = NO;
				CURRENT_PROJECT_VERSION = 1;
				DEBUG_INFORMATION_FORMAT = "dwarf-with-dsym";
				GCC_DYNAMIC_NO_PIC = NO;
				GCC_OPTIMIZATION_LEVEL = 0;
				GCC_PRECOMPILE_PREFIX_HEADER = YES;
				GCC_PREFIX_HEADER = doorman_Prefix.pch;
				GCC_VERSION = com.apple.compilers.llvm.clang.1_0;
				INFOPLIST_FILE = Info.plist;
				INSTALL_PATH = "$(HOME)/Applications";
				LD_RUNPATH_SEARCH_PATHS = (
					"$(inherited)",
					"@executable_path/../Frameworks",
				);
				LLVM_LTO = YES;
				MACOSX_DEPLOYMENT_TARGET = 11.0;
				MARKETING_VERSION = 2.4;
				PRODUCT_BUNDLE_IDENTIFIER = com.mrFridge.Doorman;
				PRODUCT_NAME = Doorman;
				PROVISIONING_PROFILE = "";
				SDKROOT = macosx;
				SWIFT_OBJC_BRIDGING_HEADER = "";
				SWIFT_OPTIMIZATION_LEVEL = "-Onone";
				SWIFT_VERSION = 5.0;
			};
			name = Debug;
		};
		C01FCF4C08A954540054247B /* Release */ = {
			isa = XCBuildConfiguration;
			buildSettings = {
				ALWAYS_SEARCH_USER_PATHS = NO;
				ARCHS = "$(ARCHS_STANDARD_64_BIT)";
				CLANG_ENABLE_MODULES = YES;
				CLANG_ENABLE_OBJC_ARC = YES;
				CODE_SIGN_ENTITLEMENTS = Doorman.entitlements;
				CODE_SIGN_IDENTITY = "-";
				COMBINE_HIDPI_IMAGES = YES;
				CURRENT_PROJECT_VERSION = 1;
				DEBUG_INFORMATION_FORMAT = "dwarf-with-dsym";
				GCC_OPTIMIZATION_LEVEL = 3;
				GCC_PRECOMPILE_PREFIX_HEADER = YES;
				GCC_PREFIX_HEADER = doorman_Prefix.pch;
				GCC_VERSION = com.apple.compilers.llvm.clang.1_0;
				INFOPLIST_FILE = Info.plist;
				INSTALL_PATH = "$(HOME)/Applications";
				LD_RUNPATH_SEARCH_PATHS = (
					"$(inherited)",
					"@executable_path/../Frameworks",
				);
				LLVM_LTO = YES;
				MACOSX_DEPLOYMENT_TARGET = 11.0;
				MARKETING_VERSION = 2.4;
				PRODUCT_BUNDLE_IDENTIFIER = com.mrFridge.Doorman;
				PRODUCT_NAME = Doorman;
				PROVISIONING_PROFILE = "";
				SDKROOT = macosx;
				SWIFT_OBJC_BRIDGING_HEADER = "";
				SWIFT_VERSION = 5.0;
			};
			name = Release;
		};
		C01FCF4F08A954540054247B /* Debug */ = {
			isa = XCBuildConfiguration;
			buildSettings = {
				ARCHS = "$(ARCHS_STANDARD_64_BIT)";
				GCC_C_LANGUAGE_STANDARD = c99;
				GCC_OPTIMIZATION_LEVEL = 0;
				GCC_VERSION = com.apple.compilers.llvm.clang.1_0;
				GCC_WARN_ABOUT_RETURN_TYPE = YES;
				GCC_WARN_UNUSED_VARIABLE = YES;
				LLVM_LTO = YES;
				MACOSX_DEPLOYMENT_TARGET = 11.0;
				ONLY_ACTIVE_ARCH = YES;
				SDKROOT = macosx;
			};
			name = Debug;
		};
		C01FCF5008A954540054247B /* Release */ = {
			isa = XCBuildConfiguration;
			buildSettings = {
				ARCHS = "$(ARCHS_STANDARD_64_BIT)";
				GCC_C_LANGUAGE_STANDARD = c99;
				GCC_OPTIMIZATION_LEVEL = 3;
				GCC_VERSION = com.apple.compilers.llvm.clang.1_0;
				GCC_WARN_ABOUT_RETURN_TYPE = YES;
				GCC_WARN_UNUSED_VARIABLE = YES;
				LLVM_LTO = YES;
				MACOSX_DEPLOYMENT_TARGET = 11.0;
				SDKROOT = macosx;
			};
			name = Release;
		};
/* End XCBuildConfiguration section */

/* Begin XCConfigurationList section */
		C01FCF4A08A954540054247B /* Build configuration list for PBXNativeTarget "Doorman" */ = {
			isa = XCConfigurationList;
			buildConfigurations = (
				C01FCF4B08A954540054247B /* Debug */,
				C01FCF4C08A954540054247B /* Release */,
			);
			defaultConfigurationIsVisible = 0;
			defaultConfigurationName = Release;
		};
		C01FCF4E08A954540054247B /* Build configuration list for PBXProject "doorman" */ = {
			isa = XCConfigurationList;
			buildConfigurations = (
				C01FCF4F08A954540054247B /* Debug */,
				C01FCF5008A954540054247B /* Release */,
			);
			defaultConfigurationIsVisible = 0;
			defaultConfigurationName = Release;
		};
/* End XCConfigurationList section */
	};
	rootObject = 29B97313FDCFA39411CA2CEA /* Project object */;
}
